
Microsoft Visual Studio Solution File, Format Version 12.00
# Visual Studio Version 17
VisualStudioVersion = 17.4.33213.308
MinimumVisualStudioVersion = 10.0.40219.1
Project("{FAE04EC0-301F-11D3-BF4B-00C04F79EFBC}") = "MatchingGame", "MatchingGame\MatchingGame.csproj", "{58FF8A27-77C6-4E19-904C-FB65EBBFA0FC}"
EndProject
Global
	GlobalSection(SolutionConfigurationPlatforms) = preSolution
		Debug|Any CPU = Debug|Any CPU
		Release|Any CPU = Release|Any CPU
	EndGlobalSection
	GlobalSection(ProjectConfigurationPlatforms) = postSolution
		{58FF8A27-77C6-4E19-904C-FB65EBBFA0FC}.Debug|Any CPU.ActiveCfg = Debug|Any CPU
		{58FF8A27-77C6-4E19-904C-FB65EBBFA0FC}.Debug|Any CPU.Build.0 = Debug|Any CPU
		{58FF8A27-77C6-4E19-904C-FB65EBBFA0FC}.Release|Any CPU.ActiveCfg = Release|Any CPU
		{58FF8A27-77C6-4E19-904C-FB65EBBFA0FC}.Release|Any CPU.Build.0 = Release|Any CPU
	EndGlobalSection
	GlobalSection(SolutionProperties) = preSolution
		HideSolutionNode = FALSE
	EndGlobalSection
	GlobalSection(ExtensibilityGlobals) = postSolution
		SolutionGuid = {E79A5E64-B3A1-4534-9E8E-2496B7F8ADB6}
	EndGlobalSection
EndGlobal
